// !$*UTF8*$!
{
	archiveVersion = 1;
	classes = {
	};
	objectVersion = 46;
	objects = {

/* Begin PBXBuildFile section */
		E2C188321F748BBA0038D9FB /* AppDelegate.swift in Sources */ = {isa = PBXBuildFile; fileRef = E2C188311F748BBA0038D9FB /* AppDelegate.swift */; };
		E2C188341F748BBA0038D9FB /* ViewController.swift in Sources */ = {isa = PBXBuildFile; fileRef = E2C188331F748BBA0038D9FB /* ViewController.swift */; };
		E2C188371F748BBA0038D9FB /* Main.storyboard in Resources */ = {isa = PBXBuildFile; fileRef = E2C188351F748BBA0038D9FB /* Main.storyboard */; };
		E2C188391F748BBA0038D9FB /* Assets.xcassets in Resources */ = {isa = PBXBuildFile; fileRef = E2C188381F748BBA0038D9FB /* Assets.xcassets */; };
		E2C1883C1F748BBA0038D9FB /* LaunchScreen.storyboard in Resources */ = {isa = PBXBuildFile; fileRef = E2C1883A1F748BBA0038D9FB /* LaunchScreen.storyboard */; };
		E2C188471F748BBA0038D9FB /* InClass03Tests.swift in Sources */ = {isa = PBXBuildFile; fileRef = E2C188461F748BBA0038D9FB /* InClass03Tests.swift */; };
		E2C188521F748BBA0038D9FB /* InClass03UITests.swift in Sources */ = {isa = PBXBuildFile; fileRef = E2C188511F748BBA0038D9FB /* InClass03UITests.swift */; };
/* End PBXBuildFile section */

/* Begin PBXContainerItemProxy section */
		E2C188431F748BBA0038D9FB /* PBXContainerItemProxy */ = {
			isa = PBXContainerItemProxy;
			containerPortal = E2C188261F748BBA0038D9FB /* Project object */;
			proxyType = 1;
			remoteGlobalIDString = E2C1882D1F748BBA0038D9FB;
			remoteInfo = InClass03;
		};
		E2C1884E1F748BBA0038D9FB /* PBXContainerItemProxy */ = {
			isa = PBXContainerItemProxy;
			containerPortal = E2C188261F748BBA0038D9FB /* Project object */;
			proxyType = 1;
			remoteGlobalIDString = E2C1882D1F748BBA0038D9FB;
			remoteInfo = InClass03;
		};
/* End PBXContainerItemProxy section */

/* Begin PBXFileReference section */
		E2C1882E1F748BBA0038D9FB /* InClass03.app */ = {isa = PBXFileReference; explicitFileType = wrapper.application; includeInIndex = 0; path = InClass03.app; sourceTree = BUILT_PRODUCTS_DIR; };
		E2C188311F748BBA0038D9FB /* AppDelegate.swift */ = {isa = PBXFileReference; lastKnownFileType = sourcecode.swift; path = AppDelegate.swift; sourceTree = "<group>"; };
		E2C188331F748BBA0038D9FB /* ViewController.swift */ = {isa = PBXFileReference; lastKnownFileType = sourcecode.swift; path = ViewController.swift; sourceTree = "<group>"; };
		E2C188361F748BBA0038D9FB /* Base */ = {isa = PBXFileReference; lastKnownFileType = file.storyboard; name = Base; path = Base.lproj/Main.storyboard; sourceTree = "<group>"; };
		E2C188381F748BBA0038D9FB /* Assets.xcassets */ = {isa = PBXFileReference; lastKnownFileType = folder.assetcatalog; path = Assets.xcassets; sourceTree = "<group>"; };
		E2C1883B1F748BBA0038D9FB /* Base */ = {isa = PBXFileReference; lastKnownFileType = file.storyboard; name = Base; path = Base.lproj/LaunchScreen.storyboard; sourceTree = "<group>"; };
		E2C1883D1F748BBA0038D9FB /* Info.plist */ = {isa = PBXFileReference; lastKnownFileType = text.plist.xml; path = Info.plist; sourceTree = "<group>"; };
		E2C188421F748BBA0038D9FB /* InClass03Tests.xctest */ = {isa = PBXFileReference; explicitFileType = wrapper.cfbundle; includeInIndex = 0; path = InClass03Tests.xctest; sourceTree = BUILT_PRODUCTS_DIR; };
		E2C188461F748BBA0038D9FB /* InClass03Tests.swift */ = {isa = PBXFileReference; lastKnownFileType = sourcecode.swift; path = InClass03Tests.swift; sourceTree = "<group>"; };
		E2C188481F748BBA0038D9FB /* Info.plist */ = {isa = PBXFileReference; lastKnownFileType = text.plist.xml; path = Info.plist; sourceTree = "<group>"; };
		E2C1884D1F748BBA0038D9FB /* InClass03UITests.xctest */ = {isa = PBXFileReference; explicitFileType = wrapper.cfbundle; includeInIndex = 0; path = InClass03UITests.xctest; sourceTree = BUILT_PRODUCTS_DIR; };
		E2C188511F748BBA0038D9FB /* InClass03UITests.swift */ = {isa = PBXFileReference; lastKnownFileType = sourcecode.swift; path = InClass03UITests.swift; sourceTree = "<group>"; };
		E2C188531F748BBA0038D9FB /* Info.plist */ = {isa = PBXFileReference; lastKnownFileType = text.plist.xml; path = Info.plist; sourceTree = "<group>"; };
/* End PBXFileReference section */

/* Begin PBXFrameworksBuildPhase section */
		E2C1882B1F748BBA0038D9FB /* Frameworks */ = {
			isa = PBXFrameworksBuildPhase;
			buildActionMask = 2147483647;
			files = (
			);
			runOnlyForDeploymentPostprocessing = 0;
		};
		E2C1883F1F748BBA0038D9FB /* Frameworks */ = {
			isa = PBXFrameworksBuildPhase;
			buildActionMask = 2147483647;
			files = (
			);
			runOnlyForDeploymentPostprocessing = 0;
		};
		E2C1884A1F748BBA0038D9FB /* Frameworks */ = {
			isa = PBXFrameworksBuildPhase;
			buildActionMask = 2147483647;
			files = (
			);
			runOnlyForDeploymentPostprocessing = 0;
		};
/* End PBXFrameworksBuildPhase section */

/* Begin PBXGroup section */
		E2C188251F748BBA0038D9FB = {
			isa = PBXGroup;
			children = (
				E2C188301F748BBA0038D9FB /* InClass03 */,
				E2C188451F748BBA0038D9FB /* InClass03Tests */,
				E2C188501F748BBA0038D9FB /* InClass03UITests */,
				E2C1882F1F748BBA0038D9FB /* Products */,
			);
			sourceTree = "<group>";
		};
		E2C1882F1F748BBA0038D9FB /* Products */ = {
			isa = PBXGroup;
			children = (
				E2C1882E1F748BBA0038D9FB /* InClass03.app */,
				E2C188421F748BBA0038D9FB /* InClass03Tests.xctest */,
				E2C1884D1F748BBA0038D9FB /* InClass03UITests.xctest */,
			);
			name = Products;
			sourceTree = "<group>";
		};
		E2C188301F748BBA0038D9FB /* InClass03 */ = {
			isa = PBXGroup;
			children = (
				E2C188311F748BBA0038D9FB /* AppDelegate.swift */,
				E2C188331F748BBA0038D9FB /* ViewController.swift */,
				E2C188351F748BBA0038D9FB /* Main.storyboard */,
				E2C188381F748BBA0038D9FB /* Assets.xcassets */,
				E2C1883A1F748BBA0038D9FB /* LaunchScreen.storyboard */,
				E2C1883D1F748BBA0038D9FB /* Info.plist */,
			);
			path = InClass03;
			sourceTree = "<group>";
		};
		E2C188451F748BBA0038D9FB /* InClass03Tests */ = {
			isa = PBXGroup;
			children = (
				E2C188461F748BBA0038D9FB /* InClass03Tests.swift */,
				E2C188481F748BBA0038D9FB /* Info.plist */,
			);
			path = InClass03Tests;
			sourceTree = "<group>";
		};
		E2C188501F748BBA0038D9FB /* InClass03UITests */ = {
			isa = PBXGroup;
			children = (
				E2C188511F748BBA0038D9FB /* InClass03UITests.swift */,
				E2C188531F748BBA0038D9FB /* Info.plist */,
			);
			path = InClass03UITests;
			sourceTree = "<group>";
		};
/* End PBXGroup section */

/* Begin PBXNativeTarget section */
		E2C1882D1F748BBA0038D9FB /* InClass03 */ = {
			isa = PBXNativeTarget;
			buildConfigurationList = E2C188561F748BBA0038D9FB /* Build configuration list for PBXNativeTarget "InClass03" */;
			buildPhases = (
				E2C1882A1F748BBA0038D9FB /* Sources */,
				E2C1882B1F748BBA0038D9FB /* Frameworks */,
				E2C1882C1F748BBA0038D9FB /* Resources */,
			);
			buildRules = (
			);
			dependencies = (
			);
			name = InClass03;
			productName = InClass03;
			productReference = E2C1882E1F748BBA0038D9FB /* InClass03.app */;
			productType = "com.apple.product-type.application";
		};
		E2C188411F748BBA0038D9FB /* InClass03Tests */ = {
			isa = PBXNativeTarget;
			buildConfigurationList = E2C188591F748BBA0038D9FB /* Build configuration list for PBXNativeTarget "InClass03Tests" */;
			buildPhases = (
				E2C1883E1F748BBA0038D9FB /* Sources */,
				E2C1883F1F748BBA0038D9FB /* Frameworks */,
				E2C188401F748BBA0038D9FB /* Resources */,
			);
			buildRules = (
			);
			dependencies = (
				E2C188441F748BBA0038D9FB /* PBXTargetDependency */,
			);
			name = InClass03Tests;
			productName = InClass03Tests;
			productReference = E2C188421F748BBA0038D9FB /* InClass03Tests.xctest */;
			productType = "com.apple.product-type.bundle.unit-test";
		};
		E2C1884C1F748BBA0038D9FB /* InClass03UITests */ = {
			isa = PBXNativeTarget;
			buildConfigurationList = E2C1885C1F748BBA0038D9FB /* Build configuration list for PBXNativeTarget "InClass03UITests" */;
			buildPhases = (
				E2C188491F748BBA0038D9FB /* Sources */,
				E2C1884A1F748BBA0038D9FB /* Frameworks */,
				E2C1884B1F748BBA0038D9FB /* Resources */,
			);
			buildRules = (
			);
			dependencies = (
				E2C1884F1F748BBA0038D9FB /* PBXTargetDependency */,
			);
			name = InClass03UITests;
			productName = InClass03UITests;
			productReference = E2C1884D1F748BBA0038D9FB /* InClass03UITests.xctest */;
			productType = "com.apple.product-type.bundle.ui-testing";
		};
/* End PBXNativeTarget section */

/* Begin PBXProject section */
		E2C188261F748BBA0038D9FB /* Project object */ = {
			isa = PBXProject;
			attributes = {
				LastSwiftUpdateCheck = 0830;
				LastUpgradeCheck = 0830;
				ORGANIZATIONNAME = "Deshpande, Vikas";
				TargetAttributes = {
					E2C1882D1F748BBA0038D9FB = {
						CreatedOnToolsVersion = 8.3.3;
						ProvisioningStyle = Automatic;
					};
					E2C188411F748BBA0038D9FB = {
						CreatedOnToolsVersion = 8.3.3;
						ProvisioningStyle = Automatic;
						TestTargetID = E2C1882D1F748BBA0038D9FB;
					};
					E2C1884C1F748BBA0038D9FB = {
						CreatedOnToolsVersion = 8.3.3;
						ProvisioningStyle = Automatic;
						TestTargetID = E2C1882D1F748BBA0038D9FB;
					};
				};
			};
			buildConfigurationList = E2C188291F748BBA0038D9FB /* Build configuration list for PBXProject "InClass03" */;
			compatibilityVersion = "Xcode 3.2";
			developmentRegion = English;
			hasScannedForEncodings = 0;
			knownRegions = (
				en,
				Base,
			);
			mainGroup = E2C188251F748BBA0038D9FB;
			productRefGroup = E2C1882F1F748BBA0038D9FB /* Products */;
			projectDirPath = "";
			projectRoot = "";
			targets = (
				E2C1882D1F748BBA0038D9FB /* InClass03 */,
				E2C188411F748BBA0038D9FB /* InClass03Tests */,
				E2C1884C1F748BBA0038D9FB /* InClass03UITests */,
			);
		};
/* End PBXProject section */

/* Begin PBXResourcesBuildPhase section */
		E2C1882C1F748BBA0038D9FB /* Resources */ = {
			isa = PBXResourcesBuildPhase;
			buildActionMask = 2147483647;
			files = (
				E2C1883C1F748BBA0038D9FB /* LaunchScreen.storyboard in Resources */,
				E2C188391F748BBA0038D9FB /* Assets.xcassets in Resources */,
				E2C188371F748BBA0038D9FB /* Main.storyboard in Resources */,
			);
			runOnlyForDeploymentPostprocessing = 0;
		};
		E2C188401F748BBA0038D9FB /* Resources */ = {
			isa = PBXResourcesBuildPhase;
			buildActionMask = 2147483647;
			files = (
			);
			runOnlyForDeploymentPostprocessing = 0;
		};
		E2C1884B1F748BBA0038D9FB /* Resources */ = {
			isa = PBXResourcesBuildPhase;
			buildActionMask = 2147483647;
			files = (
			);
			runOnlyForDeploymentPostprocessing = 0;
		};
/* End PBXResourcesBuildPhase section */

/* Begin PBXSourcesBuildPhase section */
		E2C1882A1F748BBA0038D9FB /* Sources */ = {
			isa = PBXSourcesBuildPhase;
			buildActionMask = 2147483647;
			files = (
				E2C188341F748BBA0038D9FB /* ViewController.swift in Sources */,
				E2C188321F748BBA0038D9FB /* AppDelegate.swift in Sources */,
			);
			runOnlyForDeploymentPostprocessing = 0;
		};
		E2C1883E1F748BBA0038D9FB /* Sources */ = {
			isa = PBXSourcesBuildPhase;
			buildActionMask = 2147483647;
			files = (
				E2C188471F748BBA0038D9FB /* InClass03Tests.swift in Sources */,
			);
			runOnlyForDeploymentPostprocessing = 0;
		};
		E2C188491F748BBA0038D9FB /* Sources */ = {
			isa = PBXSourcesBuildPhase;
			buildActionMask = 2147483647;
			files = (
				E2C188521F748BBA0038D9FB /* InClass03UITests.swift in Sources */,
			);
			runOnlyForDeploymentPostprocessing = 0;
		};
/* End PBXSourcesBuildPhase section */

/* Begin PBXTargetDependency section */
		E2C188441F748BBA0038D9FB /* PBXTargetDependency */ = {
			isa = PBXTargetDependency;
			target = E2C1882D1F748BBA0038D9FB /* InClass03 */;
			targetProxy = E2C188431F748BBA0038D9FB /* PBXContainerItemProxy */;
		};
		E2C1884F1F748BBA0038D9FB /* PBXTargetDependency */ = {
			isa = PBXTargetDependency;
			target = E2C1882D1F748BBA0038D9FB /* InClass03 */;
			targetProxy = E2C1884E1F748BBA0038D9FB /* PBXContainerItemProxy */;
		};
/* End PBXTargetDependency section */

/* Begin PBXVariantGroup section */
		E2C188351F748BBA0038D9FB /* Main.storyboard */ = {
			isa = PBXVariantGroup;
			children = (
				E2C188361F748BBA0038D9FB /* Base */,
			);
			name = Main.storyboard;
			sourceTree = "<group>";
		};
		E2C1883A1F748BBA0038D9FB /* LaunchScreen.storyboard */ = {
			isa = PBXVariantGroup;
			children = (
				E2C1883B1F748BBA0038D9FB /* Base */,
			);
			name = LaunchScreen.storyboard;
			sourceTree = "<group>";
		};
/* End PBXVariantGroup section */

/* Begin XCBuildConfiguration section */
		E2C188541F748BBA0038D9FB /* Debug */ = {
			isa = XCBuildConfiguration;
			buildSettings = {
				ALWAYS_SEARCH_USER_PATHS = NO;
				CLANG_ANALYZER_NONNULL = YES;
				CLANG_ANALYZER_NUMBER_OBJECT_CONVERSION = YES_AGGRESSIVE;
				CLANG_CXX_LANGUAGE_STANDARD = "gnu++0x";
				CLANG_CXX_LIBRARY = "libc++";
				CLANG_ENABLE_MODULES = YES;
				CLANG_ENABLE_OBJC_ARC = YES;
				CLANG_WARN_BOOL_CONVERSION = YES;
				CLANG_WARN_CONSTANT_CONVERSION = YES;
				CLANG_WARN_DIRECT_OBJC_ISA_USAGE = YES_ERROR;
				CLANG_WARN_DOCUMENTATION_COMMENTS = YES;
				CLANG_WARN_EMPTY_BODY = YES;
				CLANG_WARN_ENUM_CONVERSION = YES;
				CLANG_WARN_INFINITE_RECURSION = YES;
				CLANG_WARN_INT_CONVERSION = YES;
				CLANG_WARN_OBJC_ROOT_CLASS = YES_ERROR;
				CLANG_WARN_SUSPICIOUS_MOVE = YES;
				CLANG_WARN_UNREACHABLE_CODE = YES;
				CLANG_WARN__DUPLICATE_METHOD_MATCH = YES;
				"CODE_SIGN_IDENTITY[sdk=iphoneos*]" = "iPhone Developer";
				COPY_PHASE_STRIP = NO;
				DEBUG_INFORMATION_FORMAT = dwarf;
				ENABLE_STRICT_OBJC_MSGSEND = YES;
				ENABLE_TESTABILITY = YES;
				GCC_C_LANGUAGE_STANDARD = gnu99;
				GCC_DYNAMIC_NO_PIC = NO;
				GCC_NO_COMMON_BLOCKS = YES;
				GCC_OPTIMIZATION_LEVEL = 0;
				GCC_PREPROCESSOR_DEFINITIONS = (
					"DEBUG=1",
					"$(inherited)",
				);
				GCC_WARN_64_TO_32_BIT_CONVERSION = YES;
				GCC_WARN_ABOUT_RETURN_TYPE = YES_ERROR;
				GCC_WARN_UNDECLARED_SELECTOR = YES;
				GCC_WARN_UNINITIALIZED_AUTOS = YES_AGGRESSIVE;
				GCC_WARN_UNUSED_FUNCTION = YES;
				GCC_WARN_UNUSED_VARIABLE = YES;
				IPHONEOS_DEPLOYMENT_TARGET = 10.3;
				MTL_ENABLE_DEBUG_INFO = YES;
				ONLY_ACTIVE_ARCH = YES;
				SDKROOT = iphoneos;
				SWIFT_ACTIVE_COMPILATION_CONDITIONS = DEBUG;
				SWIFT_OPTIMIZATION_LEVEL = "-Onone";
				TARGETED_DEVICE_FAMILY = "1,2";
			};
			name = Debug;
		};
		E2C188551F748BBA0038D9FB /* Release */ = {
			isa = XCBuildConfiguration;
			buildSettings = {
				ALWAYS_SEARCH_USER_PATHS = NO;
				CLANG_ANALYZER_NONNULL = YES;
				CLANG_ANALYZER_NUMBER_OBJECT_CONVERSION = YES_AGGRESSIVE;
				CLANG_CXX_LANGUAGE_STANDARD = "gnu++0x";
				CLANG_CXX_LIBRARY = "libc++";
				CLANG_ENABLE_MODULES = YES;
				CLANG_ENABLE_OBJC_ARC = YES;
				CLANG_WARN_BOOL_CONVERSION = YES;
				CLANG_WARN_CONSTANT_CONVERSION = YES;
				CLANG_WARN_DIRECT_OBJC_ISA_USAGE = YES_ERROR;
				CLANG_WARN_DOCUMENTATION_COMMENTS = YES;
				CLANG_WARN_EMPTY_BODY = YES;
				CLANG_WARN_ENUM_CONVERSION = YES;
				CLANG_WARN_INFINITE_RECURSION = YES;
				CLANG_WARN_INT_CONVERSION = YES;
				CLANG_WARN_OBJC_ROOT_CLASS = YES_ERROR;
				CLANG_WARN_SUSPICIOUS_MOVE = YES;
				CLANG_WARN_UNREACHABLE_CODE = YES;
				CLANG_WARN__DUPLICATE_METHOD_MATCH = YES;
				"CODE_SIGN_IDENTITY[sdk=iphoneos*]" = "iPhone Developer";
				COPY_PHASE_STRIP = NO;
				DEBUG_INFORMATION_FORMAT = "dwarf-with-dsym";
				ENABLE_NS_ASSERTIONS = NO;
				ENABLE_STRICT_OBJC_MSGSEND = YES;
				GCC_C_LANGUAGE_STANDARD = gnu99;
				GCC_NO_COMMON_BLOCKS = YES;
				GCC_WARN_64_TO_32_BIT_CONVERSION = YES;
				GCC_WARN_ABOUT_RETURN_TYPE = YES_ERROR;
				GCC_WARN_UNDECLARED_SELECTOR = YES;
				GCC_WARN_UNINITIALIZED_AUTOS = YES_AGGRESSIVE;
				GCC_WARN_UNUSED_FUNCTION = YES;
				GCC_WARN_UNUSED_VARIABLE = YES;
				IPHONEOS_DEPLOYMENT_TARGET = 10.3;
				MTL_ENABLE_DEBUG_INFO = NO;
				SDKROOT = iphoneos;
				SWIFT_OPTIMIZATION_LEVEL = "-Owholemodule";
				TARGETED_DEVICE_FAMILY = "1,2";
				VALIDATE_PRODUCT = YES;
			};
			name = Release;
		};
		E2C188571F748BBA0038D9FB /* Debug */ = {
			isa = XCBuildConfiguration;
			buildSettings = {
				ASSETCATALOG_COMPILER_APPICON_NAME = AppIcon;
				INFOPLIST_FILE = InClass03/Info.plist;
				LD_RUNPATH_SEARCH_PATHS = "$(inherited) @executable_path/Frameworks";
				PRODUCT_BUNDLE_IDENTIFIER = vikas.InClass03;
				PRODUCT_NAME = "$(TARGET_NAME)";
				SWIFT_VERSION = 3.0;
			};
			name = Debug;
		};
		E2C188581F748BBA0038D9FB /* Release */ = {
			isa = XCBuildConfiguration;
			buildSettings = {
				ASSETCATALOG_COMPILER_APPICON_NAME = AppIcon;
				INFOPLIST_FILE = InClass03/Info.plist;
				LD_RUNPATH_SEARCH_PATHS = "$(inherited) @executable_path/Frameworks";
				PRODUCT_BUNDLE_IDENTIFIER = vikas.InClass03;
				PRODUCT_NAME = "$(TARGET_NAME)";
				SWIFT_VERSION = 3.0;
			};
			name = Release;
		};
		E2C1885A1F748BBA0038D9FB /* Debug */ = {
			isa = XCBuildConfiguration;
			buildSettings = {
				ALWAYS_EMBED_SWIFT_STANDARD_LIBRARIES = YES;
				BUNDLE_LOADER = "$(TEST_HOST)";
				INFOPLIST_FILE = InClass03Tests/Info.plist;
				LD_RUNPATH_SEARCH_PATHS = "$(inherited) @executable_path/Frameworks @loader_path/Frameworks";
				PRODUCT_BUNDLE_IDENTIFIER = vikas.InClass03Tests;
				PRODUCT_NAME = "$(TARGET_NAME)";
				SWIFT_VERSION = 3.0;
				TEST_HOST = "$(BUILT_PRODUCTS_DIR)/InClass03.app/InClass03";
			};
			name = Debug;
		};
		E2C1885B1F748BBA0038D9FB /* Release */ = {
			isa = XCBuildConfiguration;
			buildSettings = {
				ALWAYS_EMBED_SWIFT_STANDARD_LIBRARIES = YES;
				BUNDLE_LOADER = "$(TEST_HOST)";
				INFOPLIST_FILE = InClass03Tests/Info.plist;
				LD_RUNPATH_SEARCH_PATHS = "$(inherited) @executable_path/Frameworks @loader_path/Frameworks";
				PRODUCT_BUNDLE_IDENTIFIER = vikas.InClass03Tests;
				PRODUCT_NAME = "$(TARGET_NAME)";
				SWIFT_VERSION = 3.0;
				TEST_HOST = "$(BUILT_PRODUCTS_DIR)/InClass03.app/InClass03";
			};
			name = Release;
		};
		E2C1885D1F748BBA0038D9FB /* Debug */ = {
			isa = XCBuildConfiguration;
			buildSettings = {
				ALWAYS_EMBED_SWIFT_STANDARD_LIBRARIES = YES;
				INFOPLIST_FILE = InClass03UITests/Info.plist;
				LD_RUNPATH_SEARCH_PATHS = "$(inherited) @executable_path/Frameworks @loader_path/Frameworks";
				PRODUCT_BUNDLE_IDENTIFIER = vikas.InClass03UITests;
				PRODUCT_NAME = "$(TARGET_NAME)";
				SWIFT_VERSION = 3.0;
				TEST_TARGET_NAME = InClass03;
			};
			name = Debug;
		};
		E2C1885E1F748BBA0038D9FB /* Release */ = {
			isa = XCBuildConfiguration;
			buildSettings = {
				ALWAYS_EMBED_SWIFT_STANDARD_LIBRARIES = YES;
				INFOPLIST_FILE = InClass03UITests/Info.plist;
				LD_RUNPATH_SEARCH_PATHS = "$(inherited) @executable_path/Frameworks @loader_path/Frameworks";
				PRODUCT_BUNDLE_IDENTIFIER = vikas.InClass03UITests;
				PRODUCT_NAME = "$(TARGET_NAME)";
				SWIFT_VERSION = 3.0;
				TEST_TARGET_NAME = InClass03;
			};
			name = Release;
		};
/* End XCBuildConfiguration section */

/* Begin XCConfigurationList section */
		E2C188291F748BBA0038D9FB /* Build configuration list for PBXProject "InClass03" */ = {
			isa = XCConfigurationList;
			buildConfigurations = (
				E2C188541F748BBA0038D9FB /* Debug */,
				E2C188551F748BBA0038D9FB /* Release */,
			);
			defaultConfigurationIsVisible = 0;
			defaultConfigurationName = Release;
		};
		E2C188561F748BBA0038D9FB /* Build configuration list for PBXNativeTarget "InClass03" */ = {
			isa = XCConfigurationList;
			buildConfigurations = (
				E2C188571F748BBA0038D9FB /* Debug */,
				E2C188581F748BBA0038D9FB /* Release */,
			);
			defaultConfigurationIsVisible = 0;
		};
		E2C188591F748BBA0038D9FB /* Build configuration list for PBXNativeTarget "InClass03Tests" */ = {
			isa = XCConfigurationList;
			buildConfigurations = (
				E2C1885A1F748BBA0038D9FB /* Debug */,
				E2C1885B1F748BBA0038D9FB /* Release */,
			);
			defaultConfigurationIsVisible = 0;
		};
		E2C1885C1F748BBA0038D9FB /* Build configuration list for PBXNativeTarget "InClass03UITests" */ = {
			isa = XCConfigurationList;
			buildConfigurations = (
				E2C1885D1F748BBA0038D9FB /* Debug */,
				E2C1885E1F748BBA0038D9FB /* Release */,
			);
			defaultConfigurationIsVisible = 0;
		};
/* End XCConfigurationList section */
	};
	rootObject = E2C188261F748BBA0038D9FB /* Project object */;
}
